
Microsoft Visual Studio Solution File, Format Version 12.00
# Visual Studio Version 17
VisualStudioVersion = 17.0.31919.166
MinimumVisualStudioVersion = 10.0.40219.1
Project("{9A19103F-16F7-4668-BE54-9A1E7A4F7556}") = "Repository", "Practicom\Repository.csproj", "{575BD9BF-DEC0-47C3-B115-53F5ED93A6A0}"
EndProject
Project("{9A19103F-16F7-4668-BE54-9A1E7A4F7556}") = "Context", "Context\Context.csproj", "{42294681-DC77-4EF6-BA47-7D709A7F41FE}"
EndProject
Project("{9A19103F-16F7-4668-BE54-9A1E7A4F7556}") = "Common", "Common\Common.csproj", "{26386B6C-2E07-44AF-861E-DFC097C5950B}"
EndProject
Project("{9A19103F-16F7-4668-BE54-9A1E7A4F7556}") = "Service", "Service\Service.csproj", "{3DF57761-0754-49E1-85B1-536034DB4ED2}"
EndProject
Project("{9A19103F-16F7-4668-BE54-9A1E7A4F7556}") = "WebApi", "WebApi\WebApi.csproj", "{554C115E-D247-40F8-B56E-1B97802FC049}"
EndProject
Global
	GlobalSection(SolutionConfigurationPlatforms) = preSolution
		Debug|Any CPU = Debug|Any CPU
		Release|Any CPU = Release|Any CPU
	EndGlobalSection
	GlobalSection(ProjectConfigurationPlatforms) = postSolution
		{575BD9BF-DEC0-47C3-B115-53F5ED93A6A0}.Debug|Any CPU.ActiveCfg = Debug|Any CPU
		{575BD9BF-DEC0-47C3-B115-53F5ED93A6A0}.Debug|Any CPU.Build.0 = Debug|Any CPU
		{575BD9BF-DEC0-47C3-B115-53F5ED93A6A0}.Release|Any CPU.ActiveCfg = Release|Any CPU
		{575BD9BF-DEC0-47C3-B115-53F5ED93A6A0}.Release|Any CPU.Build.0 = Release|Any CPU
		{42294681-DC77-4EF6-BA47-7D709A7F41FE}.Debug|Any CPU.ActiveCfg = Debug|Any CPU
		{42294681-DC77-4EF6-BA47-7D709A7F41FE}.Debug|Any CPU.Build.0 = Debug|Any CPU
		{42294681-DC77-4EF6-BA47-7D709A7F41FE}.Release|Any CPU.ActiveCfg = Release|Any CPU
		{42294681-DC77-4EF6-BA47-7D709A7F41FE}.Release|Any CPU.Build.0 = Release|Any CPU
		{26386B6C-2E07-44AF-861E-DFC097C5950B}.Debug|Any CPU.ActiveCfg = Debug|Any CPU
		{26386B6C-2E07-44AF-861E-DFC097C5950B}.Debug|Any CPU.Build.0 = Debug|Any CPU
		{26386B6C-2E07-44AF-861E-DFC097C5950B}.Release|Any CPU.ActiveCfg = Release|Any CPU
		{26386B6C-2E07-44AF-861E-DFC097C5950B}.Release|Any CPU.Build.0 = Release|Any CPU
		{3DF57761-0754-49E1-85B1-536034DB4ED2}.Debug|Any CPU.ActiveCfg = Debug|Any CPU
		{3DF57761-0754-49E1-85B1-536034DB4ED2}.Debug|Any CPU.Build.0 = Debug|Any CPU
		{3DF57761-0754-49E1-85B1-536034DB4ED2}.Release|Any CPU.ActiveCfg = Release|Any CPU
		{3DF57761-0754-49E1-85B1-536034DB4ED2}.Release|Any CPU.Build.0 = Release|Any CPU
		{554C115E-D247-40F8-B56E-1B97802FC049}.Debug|Any CPU.ActiveCfg = Debug|Any CPU
		{554C115E-D247-40F8-B56E-1B97802FC049}.Debug|Any CPU.Build.0 = Debug|Any CPU
		{554C115E-D247-40F8-B56E-1B97802FC049}.Release|Any CPU.ActiveCfg = Release|Any CPU
		{554C115E-D247-40F8-B56E-1B97802FC049}.Release|Any CPU.Build.0 = Release|Any CPU
	EndGlobalSection
	GlobalSection(SolutionProperties) = preSolution
		HideSolutionNode = FALSE
	EndGlobalSection
	GlobalSection(ExtensibilityGlobals) = postSolution
		SolutionGuid = {EAB468FD-DD29-4191-94AC-42A9F31DC97E}
	EndGlobalSection
EndGlobal
